
Microsoft Visual Studio Solution File, Format Version 12.00
# Visual Studio 15
VisualStudioVersion = 15.0.28307.421
MinimumVisualStudioVersion = 10.0.40219.1
Project("{FAE04EC0-301F-11D3-BF4B-00C04F79EFBC}") = "WindowsFormsApp1", "WindowsFormsApp1\WindowsFormsApp1.csproj", "{81147D99-900F-453E-A303-64D88F799DCD}"
EndProject
Global
	GlobalSection(SolutionConfigurationPlatforms) = preSolution
		Debug|Any CPU = Debug|Any CPU
		Release|Any CPU = Release|Any CPU
	EndGlobalSection
	GlobalSection(ProjectConfigurationPlatforms) = postSolution
		{81147D99-900F-453E-A303-64D88F799DCD}.Debug|Any CPU.ActiveCfg = Debug|Any CPU
		{81147D99-900F-453E-A303-64D88F799DCD}.Debug|Any CPU.Build.0 = Debug|Any CPU
		{81147D99-900F-453E-A303-64D88F799DCD}.Release|Any CPU.ActiveCfg = Release|Any CPU
		{81147D99-900F-453E-A303-64D88F799DCD}.Release|Any CPU.Build.0 = Release|Any CPU
	EndGlobalSection
	GlobalSection(SolutionProperties) = preSolution
		HideSolutionNode = FALSE
	EndGlobalSection
	GlobalSection(ExtensibilityGlobals) = postSolution
		SolutionGuid = {0DB5A22C-051A-4E28-BA7F-7C480958DFDA}
	EndGlobalSection
EndGlobal
